{
  "name": "brainworkup",
  "lockfileVersion": 3,
  "requires": true,
  "packages": {
    "": {
      "name": "brainworkup",
      "devDependencies": {
        "typescript": "^5.6.0-dev.20240622"
      }
    },
    "node_modules/typescript": {
      "version": "5.6.0-dev.20240622",
      "resolved": "https://registry.npmjs.org/typescript/-/typescript-5.6.0-dev.20240622.tgz",
      "integrity": "sha512-neHnfoZcTorI72VCYHqjwwFRdtpWiUswWxONvtNW/r0vye7VZujzi20SG+1tJz7HyjPPtir5tSt3RN6nQ16osg==",
      "dev": true,
      "license": "Apache-2.0",
      "bin": {
        "tsc": "bin/tsc",
        "tsserver": "bin/tsserver"
      },
      "engines": {
        "node": ">=14.17"
      }
    }
  }
}
