{
  "name": "brainworkup",
  "lockfileVersion": 3,
  "requires": true,
  "packages": {
    "": {
      "dependencies": {
        "@algolia/netlify-plugin-crawler": "^1.0.0",
        "@fullhuman/postcss-purgecss": "^5.0.0",
        "bootstrap": "^5.3.2",
        "postcss-scss": "^4.0.9",
        "search-insights": "^2.13.0"
      },
      "devDependencies": {
        "netlify-plugin-amp-server-side-rendering": "^1.0.3"
      }
    },
    "node_modules/@algolia/netlify-plugin-crawler": {
      "version": "1.0.15",
      "resolved": "https://registry.npmjs.org/@algolia/netlify-plugin-crawler/-/netlify-plugin-crawler-1.0.15.tgz",
      "integrity": "sha512-o0LEytX/mQojUzNrCHRHE9zZjZU7YKGVJ6Z+bXDeoskSMbQwdREZEjK/dV2dBVAH61DqItFFYWb/9iIafsiTmw==",
      "dependencies": {
        "node-fetch": "2.6.7"
      }
    }
  }
}
